
Microsoft Visual Studio Solution File, Format Version 12.00
# Visual Studio 15
VisualStudioVersion = 15.0.27428.2002
MinimumVisualStudioVersion = 10.0.40219.1
Project("{9A19103F-16F7-4668-BE54-9A1E7A4F7556}") = "Screens.Hosting", "Screens.Hosting\Screens.Hosting.csproj", "{B77CD1B9-8887-4A12-B0ED-E4BD55D17B50}"
EndProject
Project("{9A19103F-16F7-4668-BE54-9A1E7A4F7556}") = "Screens.Widgets", "Screens.Widgets\Screens.Widgets.csproj", "{518DA91C-6F45-4E0F-937F-216C7CA3F45B}"
EndProject
Project("{778DAE3C-4631-46EA-AA77-85C1314464D9}") = "TEST_APP", "TEST_APP\TEST_APP.vbproj", "{D4098352-7BD7-47FE-8F8B-3556E973A2E3}"
EndProject
Project("{FAE04EC0-301F-11D3-BF4B-00C04F79EFBC}") = "TEST_SNAKE", "TEST_SNAKE\TEST_SNAKE.csproj", "{4AF6FCEC-29DE-41D1-AA29-5FB5D622AA88}"
EndProject
Global
	GlobalSection(SolutionConfigurationPlatforms) = preSolution
		Debug|Any CPU = Debug|Any CPU
		Release|Any CPU = Release|Any CPU
	EndGlobalSection
	GlobalSection(ProjectConfigurationPlatforms) = postSolution
		{B77CD1B9-8887-4A12-B0ED-E4BD55D17B50}.Debug|Any CPU.ActiveCfg = Debug|Any CPU
		{B77CD1B9-8887-4A12-B0ED-E4BD55D17B50}.Debug|Any CPU.Build.0 = Debug|Any CPU
		{B77CD1B9-8887-4A12-B0ED-E4BD55D17B50}.Release|Any CPU.ActiveCfg = Release|Any CPU
		{B77CD1B9-8887-4A12-B0ED-E4BD55D17B50}.Release|Any CPU.Build.0 = Release|Any CPU
		{518DA91C-6F45-4E0F-937F-216C7CA3F45B}.Debug|Any CPU.ActiveCfg = Debug|Any CPU
		{518DA91C-6F45-4E0F-937F-216C7CA3F45B}.Debug|Any CPU.Build.0 = Debug|Any CPU
		{518DA91C-6F45-4E0F-937F-216C7CA3F45B}.Release|Any CPU.ActiveCfg = Release|Any CPU
		{518DA91C-6F45-4E0F-937F-216C7CA3F45B}.Release|Any CPU.Build.0 = Release|Any CPU
		{D4098352-7BD7-47FE-8F8B-3556E973A2E3}.Debug|Any CPU.ActiveCfg = Debug|Any CPU
		{D4098352-7BD7-47FE-8F8B-3556E973A2E3}.Debug|Any CPU.Build.0 = Debug|Any CPU
		{D4098352-7BD7-47FE-8F8B-3556E973A2E3}.Release|Any CPU.ActiveCfg = Release|Any CPU
		{D4098352-7BD7-47FE-8F8B-3556E973A2E3}.Release|Any CPU.Build.0 = Release|Any CPU
		{4AF6FCEC-29DE-41D1-AA29-5FB5D622AA88}.Debug|Any CPU.ActiveCfg = Debug|Any CPU
		{4AF6FCEC-29DE-41D1-AA29-5FB5D622AA88}.Debug|Any CPU.Build.0 = Debug|Any CPU
		{4AF6FCEC-29DE-41D1-AA29-5FB5D622AA88}.Release|Any CPU.ActiveCfg = Release|Any CPU
		{4AF6FCEC-29DE-41D1-AA29-5FB5D622AA88}.Release|Any CPU.Build.0 = Release|Any CPU
	EndGlobalSection
	GlobalSection(SolutionProperties) = preSolution
		HideSolutionNode = FALSE
	EndGlobalSection
	GlobalSection(ExtensibilityGlobals) = postSolution
		SolutionGuid = {3B48B343-B93D-4F4C-8099-225E24AE0152}
	EndGlobalSection
EndGlobal
